// !$*UTF8*$!
{
	archiveVersion = 1;
	classes = {
	};
	objectVersion = 46;
	objects = {

/* Begin PBXBuildFile section */
		4966D8ECBB9C4B6A86120720 /* libPods.a in Frameworks */ = {isa = PBXBuildFile; fileRef = A5389D1FD1E04931AC9812E6 /* libPods.a */; };
		9A05D5541989CBFC00988C8D /* XCTest.framework in Frameworks */ = {isa = PBXBuildFile; fileRef = 9A34C62A18FF297A00155D94 /* XCTest.framework */; };
		9A34C61218FF297A00155D94 /* Foundation.framework in Frameworks */ = {isa = PBXBuildFile; fileRef = 9A34C61118FF297A00155D94 /* Foundation.framework */; };
		9A34C61418FF297A00155D94 /* CoreGraphics.framework in Frameworks */ = {isa = PBXBuildFile; fileRef = 9A34C61318FF297A00155D94 /* CoreGraphics.framework */; };
		9A34C61618FF297A00155D94 /* UIKit.framework in Frameworks */ = {isa = PBXBuildFile; fileRef = 9A34C61518FF297A00155D94 /* UIKit.framework */; };
		9A34C62C18FF297A00155D94 /* Foundation.framework in Frameworks */ = {isa = PBXBuildFile; fileRef = 9A34C61118FF297A00155D94 /* Foundation.framework */; };
		9A34C62D18FF297A00155D94 /* UIKit.framework in Frameworks */ = {isa = PBXBuildFile; fileRef = 9A34C61518FF297A00155D94 /* UIKit.framework */; };
		9A34C63518FF297A00155D94 /* InfoPlist.strings in Resources */ = {isa = PBXBuildFile; fileRef = 9A34C63318FF297A00155D94 /* InfoPlist.strings */; };
		9A34C63718FF297A00155D94 /* BLCStarRatingViewTests.m in Sources */ = {isa = PBXBuildFile; fileRef = 9A34C63618FF297A00155D94 /* BLCStarRatingViewTests.m */; };
		9A34C64A18FF29F100155D94 /* AppDelegate.m in Sources */ = {isa = PBXBuildFile; fileRef = 9A34C64218FF29F100155D94 /* AppDelegate.m */; };
		9A34C64C18FF29F100155D94 /* InfoPlist.strings in Resources */ = {isa = PBXBuildFile; fileRef = 9A34C64618FF29F100155D94 /* InfoPlist.strings */; };
		9A34C64D18FF29F100155D94 /* Images.xcassets in Resources */ = {isa = PBXBuildFile; fileRef = 9A34C64818FF29F100155D94 /* Images.xcassets */; };
		9A34C64E18FF29F100155D94 /* main.m in Sources */ = {isa = PBXBuildFile; fileRef = 9A34C64918FF29F100155D94 /* main.m */; };
		9A34C65218FF2A2100155D94 /* BLCStarRatingView.m in Sources */ = {isa = PBXBuildFile; fileRef = 9A34C65118FF2A2100155D94 /* BLCStarRatingView.m */; };
		9A34C65A18FF3F9300155D94 /* QuartzCore.framework in Frameworks */ = {isa = PBXBuildFile; fileRef = 9A34C65918FF3F9300155D94 /* QuartzCore.framework */; };
		9A34C65E18FF4C3500155D94 /* ViewController.m in Sources */ = {isa = PBXBuildFile; fileRef = 9A34C65C18FF4C3500155D94 /* ViewController.m */; };
		9A34C65F18FF4C3500155D94 /* ViewController.xib in Resources */ = {isa = PBXBuildFile; fileRef = 9A34C65D18FF4C3500155D94 /* ViewController.xib */; };
		9AFF8DF31989B10400DA19C0 /* podfile in Resources */ = {isa = PBXBuildFile; fileRef = 9AFF8DF21989B10400DA19C0 /* podfile */; };
/* End PBXBuildFile section */

/* Begin PBXContainerItemProxy section */
		9A34C62E18FF297A00155D94 /* PBXContainerItemProxy */ = {
			isa = PBXContainerItemProxy;
			containerPortal = 9A34C60618FF297A00155D94 /* Project object */;
			proxyType = 1;
			remoteGlobalIDString = 9A34C60D18FF297A00155D94;
			remoteInfo = BLCStarRatingView;
		};
/* End PBXContainerItemProxy section */

/* Begin PBXFileReference section */
		345E2F5CF564413C8A02CEB5 /* Pods.xcconfig */ = {isa = PBXFileReference; includeInIndex = 1; lastKnownFileType = text.xcconfig; name = Pods.xcconfig; path = Pods/Pods.xcconfig; sourceTree = "<group>"; };
		9A34C60E18FF297A00155D94 /* BLCStarRatingView.app */ = {isa = PBXFileReference; explicitFileType = wrapper.application; includeInIndex = 0; path = BLCStarRatingView.app; sourceTree = BUILT_PRODUCTS_DIR; };
		9A34C61118FF297A00155D94 /* Foundation.framework */ = {isa = PBXFileReference; lastKnownFileType = wrapper.framework; name = Foundation.framework; path = System/Library/Frameworks/Foundation.framework; sourceTree = SDKROOT; };
		9A34C61318FF297A00155D94 /* CoreGraphics.framework */ = {isa = PBXFileReference; lastKnownFileType = wrapper.framework; name = CoreGraphics.framework; path = System/Library/Frameworks/CoreGraphics.framework; sourceTree = SDKROOT; };
		9A34C61518FF297A00155D94 /* UIKit.framework */ = {isa = PBXFileReference; lastKnownFileType = wrapper.framework; name = UIKit.framework; path = System/Library/Frameworks/UIKit.framework; sourceTree = SDKROOT; };
		9A34C62918FF297A00155D94 /* BLCStarRatingViewTests.xctest */ = {isa = PBXFileReference; explicitFileType = wrapper.cfbundle; includeInIndex = 0; path = BLCStarRatingViewTests.xctest; sourceTree = BUILT_PRODUCTS_DIR; };
		9A34C62A18FF297A00155D94 /* XCTest.framework */ = {isa = PBXFileReference; lastKnownFileType = wrapper.framework; name = XCTest.framework; path = Library/Frameworks/XCTest.framework; sourceTree = DEVELOPER_DIR; };
		9A34C63218FF297A00155D94 /* BLCStarRatingViewTests-Info.plist */ = {isa = PBXFileReference; lastKnownFileType = text.plist.xml; path = "BLCStarRatingViewTests-Info.plist"; sourceTree = "<group>"; };
		9A34C63418FF297A00155D94 /* en */ = {isa = PBXFileReference; lastKnownFileType = text.plist.strings; name = en; path = en.lproj/InfoPlist.strings; sourceTree = "<group>"; };
		9A34C63618FF297A00155D94 /* BLCStarRatingViewTests.m */ = {isa = PBXFileReference; lastKnownFileType = sourcecode.c.objc; path = BLCStarRatingViewTests.m; sourceTree = "<group>"; };
		9A34C64118FF29F100155D94 /* AppDelegate.h */ = {isa = PBXFileReference; fileEncoding = 4; lastKnownFileType = sourcecode.c.h; name = AppDelegate.h; path = BLCStarRatingViewSample/AppDelegate.h; sourceTree = SOURCE_ROOT; };
		9A34C64218FF29F100155D94 /* AppDelegate.m */ = {isa = PBXFileReference; fileEncoding = 4; lastKnownFileType = sourcecode.c.objc; name = AppDelegate.m; path = BLCStarRatingViewSample/AppDelegate.m; sourceTree = SOURCE_ROOT; };
		9A34C64318FF29F100155D94 /* BLCStarRatingView-Info.plist */ = {isa = PBXFileReference; fileEncoding = 4; lastKnownFileType = text.plist.xml; name = "BLCStarRatingView-Info.plist"; path = "BLCStarRatingViewSample/BLCStarRatingView-Info.plist"; sourceTree = SOURCE_ROOT; };
		9A34C64418FF29F100155D94 /* BLCStarRatingView-Prefix.pch */ = {isa = PBXFileReference; fileEncoding = 4; lastKnownFileType = sourcecode.c.h; name = "BLCStarRatingView-Prefix.pch"; path = "BLCStarRatingViewSample/BLCStarRatingView-Prefix.pch"; sourceTree = SOURCE_ROOT; };
		9A34C64718FF29F100155D94 /* en */ = {isa = PBXFileReference; lastKnownFileType = text.plist.strings; name = en; path = InfoPlist.strings; sourceTree = "<group>"; };
		9A34C64818FF29F100155D94 /* Images.xcassets */ = {isa = PBXFileReference; lastKnownFileType = folder.assetcatalog; name = Images.xcassets; path = BLCStarRatingViewSample/Images.xcassets; sourceTree = SOURCE_ROOT; };
		9A34C64918FF29F100155D94 /* main.m */ = {isa = PBXFileReference; fileEncoding = 4; lastKnownFileType = sourcecode.c.objc; name = main.m; path = BLCStarRatingViewSample/main.m; sourceTree = SOURCE_ROOT; };
		9A34C65018FF2A2100155D94 /* BLCStarRatingView.h */ = {isa = PBXFileReference; fileEncoding = 4; lastKnownFileType = sourcecode.c.h; name = BLCStarRatingView.h; path = BLCStarRatingView/BLCStarRatingView.h; sourceTree = "<group>"; };
		9A34C65118FF2A2100155D94 /* BLCStarRatingView.m */ = {isa = PBXFileReference; fileEncoding = 4; lastKnownFileType = sourcecode.c.objc; name = BLCStarRatingView.m; path = BLCStarRatingView/BLCStarRatingView.m; sourceTree = "<group>"; };
		9A34C65918FF3F9300155D94 /* QuartzCore.framework */ = {isa = PBXFileReference; lastKnownFileType = wrapper.framework; name = QuartzCore.framework; path = System/Library/Frameworks/QuartzCore.framework; sourceTree = SDKROOT; };
		9A34C65B18FF4C3500155D94 /* ViewController.h */ = {isa = PBXFileReference; fileEncoding = 4; lastKnownFileType = sourcecode.c.h; name = ViewController.h; path = BLCStarRatingViewSample/ViewController.h; sourceTree = SOURCE_ROOT; };
		9A34C65C18FF4C3500155D94 /* ViewController.m */ = {isa = PBXFileReference; fileEncoding = 4; lastKnownFileType = sourcecode.c.objc; name = ViewController.m; path = BLCStarRatingViewSample/ViewController.m; sourceTree = SOURCE_ROOT; };
		9A34C65D18FF4C3500155D94 /* ViewController.xib */ = {isa = PBXFileReference; fileEncoding = 4; lastKnownFileType = file.xib; name = ViewController.xib; path = BLCStarRatingViewSample/ViewController.xib; sourceTree = SOURCE_ROOT; };
		9ACBE3201989C74B00CA7A91 /* SenTestingKit.framework */ = {isa = PBXFileReference; lastKnownFileType = wrapper.framework; name = SenTestingKit.framework; path = Library/Frameworks/SenTestingKit.framework; sourceTree = DEVELOPER_DIR; };
		9AFF8DF21989B10400DA19C0 /* podfile */ = {isa = PBXFileReference; fileEncoding = 4; lastKnownFileType = text; path = podfile; sourceTree = SOURCE_ROOT; };
		A5389D1FD1E04931AC9812E6 /* libPods.a */ = {isa = PBXFileReference; explicitFileType = archive.ar; includeInIndex = 0; path = libPods.a; sourceTree = BUILT_PRODUCTS_DIR; };
/* End PBXFileReference section */

/* Begin PBXFrameworksBuildPhase section */
		9A34C60B18FF297A00155D94 /* Frameworks */ = {
			isa = PBXFrameworksBuildPhase;
			buildActionMask = 2147483647;
			files = (
				9A34C65A18FF3F9300155D94 /* QuartzCore.framework in Frameworks */,
				9A34C61418FF297A00155D94 /* CoreGraphics.framework in Frameworks */,
				9A34C61618FF297A00155D94 /* UIKit.framework in Frameworks */,
				9A34C61218FF297A00155D94 /* Foundation.framework in Frameworks */,
				4966D8ECBB9C4B6A86120720 /* libPods.a in Frameworks */,
			);
			runOnlyForDeploymentPostprocessing = 0;
		};
		9A34C62618FF297A00155D94 /* Frameworks */ = {
			isa = PBXFrameworksBuildPhase;
			buildActionMask = 2147483647;
			files = (
				9A05D5541989CBFC00988C8D /* XCTest.framework in Frameworks */,
				9A34C62D18FF297A00155D94 /* UIKit.framework in Frameworks */,
				9A34C62C18FF297A00155D94 /* Foundation.framework in Frameworks */,
			);
			runOnlyForDeploymentPostprocessing = 0;
		};
/* End PBXFrameworksBuildPhase section */

/* Begin PBXGroup section */
		9A34C60518FF297A00155D94 = {
			isa = PBXGroup;
			children = (
				9A34C64018FF298B00155D94 /* BLCStarRatingView */,
				9A34C61718FF297A00155D94 /* BLCStarRatingViewSample */,
				9A34C63018FF297A00155D94 /* BLCStarRatingViewTests */,
				9A34C61018FF297A00155D94 /* Frameworks */,
				9A34C60F18FF297A00155D94 /* Products */,
				345E2F5CF564413C8A02CEB5 /* Pods.xcconfig */,
			);
			sourceTree = "<group>";
		};
		9A34C60F18FF297A00155D94 /* Products */ = {
			isa = PBXGroup;
			children = (
				9A34C60E18FF297A00155D94 /* BLCStarRatingView.app */,
				9A34C62918FF297A00155D94 /* BLCStarRatingViewTests.xctest */,
			);
			name = Products;
			sourceTree = "<group>";
		};
		9A34C61018FF297A00155D94 /* Frameworks */ = {
			isa = PBXGroup;
			children = (
				9ACBE3201989C74B00CA7A91 /* SenTestingKit.framework */,
				9A34C65918FF3F9300155D94 /* QuartzCore.framework */,
				9A34C61118FF297A00155D94 /* Foundation.framework */,
				9A34C61318FF297A00155D94 /* CoreGraphics.framework */,
				9A34C61518FF297A00155D94 /* UIKit.framework */,
				9A34C62A18FF297A00155D94 /* XCTest.framework */,
				A5389D1FD1E04931AC9812E6 /* libPods.a */,
			);
			name = Frameworks;
			sourceTree = "<group>";
		};
		9A34C61718FF297A00155D94 /* BLCStarRatingViewSample */ = {
			isa = PBXGroup;
			children = (
				9A34C65B18FF4C3500155D94 /* ViewController.h */,
				9A34C65C18FF4C3500155D94 /* ViewController.m */,
				9A34C65D18FF4C3500155D94 /* ViewController.xib */,
				9A34C64118FF29F100155D94 /* AppDelegate.h */,
				9A34C64218FF29F100155D94 /* AppDelegate.m */,
				9A34C64F18FF29FA00155D94 /* Others */,
			);
			name = BLCStarRatingViewSample;
			path = BLCStarRatingView;
			sourceTree = "<group>";
		};
		9A34C63018FF297A00155D94 /* BLCStarRatingViewTests */ = {
			isa = PBXGroup;
			children = (
				9A34C63618FF297A00155D94 /* BLCStarRatingViewTests.m */,
				9A34C63118FF297A00155D94 /* Supporting Files */,
			);
			path = BLCStarRatingViewTests;
			sourceTree = "<group>";
		};
		9A34C63118FF297A00155D94 /* Supporting Files */ = {
			isa = PBXGroup;
			children = (
				9A34C63218FF297A00155D94 /* BLCStarRatingViewTests-Info.plist */,
				9A34C63318FF297A00155D94 /* InfoPlist.strings */,
			);
			name = "Supporting Files";
			sourceTree = "<group>";
		};
		9A34C64018FF298B00155D94 /* BLCStarRatingView */ = {
			isa = PBXGroup;
			children = (
				9A34C65018FF2A2100155D94 /* BLCStarRatingView.h */,
				9A34C65118FF2A2100155D94 /* BLCStarRatingView.m */,
			);
			name = BLCStarRatingView;
			sourceTree = "<group>";
		};
		9A34C64518FF29F100155D94 /* en.lproj */ = {
			isa = PBXGroup;
			children = (
				9A34C64618FF29F100155D94 /* InfoPlist.strings */,
			);
			name = en.lproj;
			path = BLCStarRatingViewSample/en.lproj;
			sourceTree = SOURCE_ROOT;
		};
		9A34C64F18FF29FA00155D94 /* Others */ = {
			isa = PBXGroup;
			children = (
				9AFF8DF21989B10400DA19C0 /* podfile */,
				9A34C64318FF29F100155D94 /* BLCStarRatingView-Info.plist */,
				9A34C64418FF29F100155D94 /* BLCStarRatingView-Prefix.pch */,
				9A34C64518FF29F100155D94 /* en.lproj */,
				9A34C64818FF29F100155D94 /* Images.xcassets */,
				9A34C64918FF29F100155D94 /* main.m */,
			);
			name = Others;
			sourceTree = "<group>";
		};
/* End PBXGroup section */

/* Begin PBXNativeTarget section */
		9A34C60D18FF297A00155D94 /* BLCStarRatingView */ = {
			isa = PBXNativeTarget;
			buildConfigurationList = 9A34C63A18FF297A00155D94 /* Build configuration list for PBXNativeTarget "BLCStarRatingView" */;
			buildPhases = (
				5B5ADF2410244A248A20C869 /* Check Pods Manifest.lock */,
				9A34C60A18FF297A00155D94 /* Sources */,
				9A34C60B18FF297A00155D94 /* Frameworks */,
				9A34C60C18FF297A00155D94 /* Resources */,
				ED321EC3EB97466FA89E6188 /* Copy Pods Resources */,
			);
			buildRules = (
			);
			dependencies = (
			);
			name = BLCStarRatingView;
			productName = BLCStarRatingView;
			productReference = 9A34C60E18FF297A00155D94 /* BLCStarRatingView.app */;
			productType = "com.apple.product-type.application";
		};
		9A34C62818FF297A00155D94 /* BLCStarRatingViewTests */ = {
			isa = PBXNativeTarget;
			buildConfigurationList = 9A34C63D18FF297A00155D94 /* Build configuration list for PBXNativeTarget "BLCStarRatingViewTests" */;
			buildPhases = (
				9A34C62518FF297A00155D94 /* Sources */,
				9A34C62618FF297A00155D94 /* Frameworks */,
				9A34C62718FF297A00155D94 /* Resources */,
			);
			buildRules = (
			);
			dependencies = (
				9A34C62F18FF297A00155D94 /* PBXTargetDependency */,
			);
			name = BLCStarRatingViewTests;
			productName = BLCStarRatingViewTests;
			productReference = 9A34C62918FF297A00155D94 /* BLCStarRatingViewTests.xctest */;
			productType = "com.apple.product-type.bundle.unit-test";
		};
/* End PBXNativeTarget section */

/* Begin PBXProject section */
		9A34C60618FF297A00155D94 /* Project object */ = {
			isa = PBXProject;
			attributes = {
				LastUpgradeCheck = 0510;
				ORGANIZATIONNAME = "Luca Bartoletti";
				TargetAttributes = {
					9A34C62818FF297A00155D94 = {
						TestTargetID = 9A34C60D18FF297A00155D94;
					};
				};
			};
			buildConfigurationList = 9A34C60918FF297A00155D94 /* Build configuration list for PBXProject "BLCStarRatingView" */;
			compatibilityVersion = "Xcode 3.2";
			developmentRegion = English;
			hasScannedForEncodings = 0;
			knownRegions = (
				en,
			);
			mainGroup = 9A34C60518FF297A00155D94;
			productRefGroup = 9A34C60F18FF297A00155D94 /* Products */;
			projectDirPath = "";
			projectRoot = "";
			targets = (
				9A34C60D18FF297A00155D94 /* BLCStarRatingView */,
				9A34C62818FF297A00155D94 /* BLCStarRatingViewTests */,
			);
		};
/* End PBXProject section */

/* Begin PBXResourcesBuildPhase section */
		9A34C60C18FF297A00155D94 /* Resources */ = {
			isa = PBXResourcesBuildPhase;
			buildActionMask = 2147483647;
			files = (
				9A34C64D18FF29F100155D94 /* Images.xcassets in Resources */,
				9A34C65F18FF4C3500155D94 /* ViewController.xib in Resources */,
				9AFF8DF31989B10400DA19C0 /* podfile in Resources */,
				9A34C64C18FF29F100155D94 /* InfoPlist.strings in Resources */,
			);
			runOnlyForDeploymentPostprocessing = 0;
		};
		9A34C62718FF297A00155D94 /* Resources */ = {
			isa = PBXResourcesBuildPhase;
			buildActionMask = 2147483647;
			files = (
				9A34C63518FF297A00155D94 /* InfoPlist.strings in Resources */,
			);
			runOnlyForDeploymentPostprocessing = 0;
		};
/* End PBXResourcesBuildPhase section */

/* Begin PBXShellScriptBuildPhase section */
		5B5ADF2410244A248A20C869 /* Check Pods Manifest.lock */ = {
			isa = PBXShellScriptBuildPhase;
			buildActionMask = 2147483647;
			files = (
			);
			inputPaths = (
			);
			name = "Check Pods Manifest.lock";
			outputPaths = (
			);
			runOnlyForDeploymentPostprocessing = 0;
			shellPath = /bin/sh;
			shellScript = "diff \"${PODS_ROOT}/../Podfile.lock\" \"${PODS_ROOT}/Manifest.lock\" > /dev/null\nif [[ $? != 0 ]] ; then\n    cat << EOM\nerror: The sandbox is not in sync with the Podfile.lock. Run 'pod install' or update your CocoaPods installation.\nEOM\n    exit 1\nfi\n";
			showEnvVarsInLog = 0;
		};
		ED321EC3EB97466FA89E6188 /* Copy Pods Resources */ = {
			isa = PBXShellScriptBuildPhase;
			buildActionMask = 2147483647;
			files = (
			);
			inputPaths = (
			);
			name = "Copy Pods Resources";
			outputPaths = (
			);
			runOnlyForDeploymentPostprocessing = 0;
			shellPath = /bin/sh;
			shellScript = "\"${SRCROOT}/Pods/Pods-resources.sh\"\n";
			showEnvVarsInLog = 0;
		};
/* End PBXShellScriptBuildPhase section */

/* Begin PBXSourcesBuildPhase section */
		9A34C60A18FF297A00155D94 /* Sources */ = {
			isa = PBXSourcesBuildPhase;
			buildActionMask = 2147483647;
			files = (
				9A34C64E18FF29F100155D94 /* main.m in Sources */,
				9A34C64A18FF29F100155D94 /* AppDelegate.m in Sources */,
				9A34C65E18FF4C3500155D94 /* ViewController.m in Sources */,
				9A34C65218FF2A2100155D94 /* BLCStarRatingView.m in Sources */,
			);
			runOnlyForDeploymentPostprocessing = 0;
		};
		9A34C62518FF297A00155D94 /* Sources */ = {
			isa = PBXSourcesBuildPhase;
			buildActionMask = 2147483647;
			files = (
				9A34C63718FF297A00155D94 /* BLCStarRatingViewTests.m in Sources */,
			);
			runOnlyForDeploymentPostprocessing = 0;
		};
/* End PBXSourcesBuildPhase section */

/* Begin PBXTargetDependency section */
		9A34C62F18FF297A00155D94 /* PBXTargetDependency */ = {
			isa = PBXTargetDependency;
			target = 9A34C60D18FF297A00155D94 /* BLCStarRatingView */;
			targetProxy = 9A34C62E18FF297A00155D94 /* PBXContainerItemProxy */;
		};
/* End PBXTargetDependency section */

/* Begin PBXVariantGroup section */
		9A34C63318FF297A00155D94 /* InfoPlist.strings */ = {
			isa = PBXVariantGroup;
			children = (
				9A34C63418FF297A00155D94 /* en */,
			);
			name = InfoPlist.strings;
			sourceTree = "<group>";
		};
		9A34C64618FF29F100155D94 /* InfoPlist.strings */ = {
			isa = PBXVariantGroup;
			children = (
				9A34C64718FF29F100155D94 /* en */,
			);
			name = InfoPlist.strings;
			sourceTree = "<group>";
		};
/* End PBXVariantGroup section */

/* Begin XCBuildConfiguration section */
		9A34C63818FF297A00155D94 /* Debug */ = {
			isa = XCBuildConfiguration;
			buildSettings = {
				ALWAYS_SEARCH_USER_PATHS = NO;
				CLANG_CXX_LANGUAGE_STANDARD = "gnu++0x";
				CLANG_CXX_LIBRARY = "libc++";
				CLANG_ENABLE_MODULES = YES;
				CLANG_ENABLE_OBJC_ARC = YES;
				CLANG_WARN_BOOL_CONVERSION = YES;
				CLANG_WARN_CONSTANT_CONVERSION = YES;
				CLANG_WARN_DIRECT_OBJC_ISA_USAGE = YES_ERROR;
				CLANG_WARN_EMPTY_BODY = YES;
				CLANG_WARN_ENUM_CONVERSION = YES;
				CLANG_WARN_INT_CONVERSION = YES;
				CLANG_WARN_OBJC_ROOT_CLASS = YES_ERROR;
				CLANG_WARN__DUPLICATE_METHOD_MATCH = YES;
				"CODE_SIGN_IDENTITY[sdk=iphoneos*]" = "iPhone Developer";
				COPY_PHASE_STRIP = NO;
				GCC_C_LANGUAGE_STANDARD = gnu99;
				GCC_DYNAMIC_NO_PIC = NO;
				GCC_OPTIMIZATION_LEVEL = 0;
				GCC_PREPROCESSOR_DEFINITIONS = (
					"DEBUG=1",
					"$(inherited)",
				);
				GCC_SYMBOLS_PRIVATE_EXTERN = NO;
				GCC_WARN_64_TO_32_BIT_CONVERSION = YES;
				GCC_WARN_ABOUT_RETURN_TYPE = YES_ERROR;
				GCC_WARN_UNDECLARED_SELECTOR = YES;
				GCC_WARN_UNINITIALIZED_AUTOS = YES_AGGRESSIVE;
				GCC_WARN_UNUSED_FUNCTION = YES;
				GCC_WARN_UNUSED_VARIABLE = YES;
				IPHONEOS_DEPLOYMENT_TARGET = 6.0;
				ONLY_ACTIVE_ARCH = YES;
				SDKROOT = iphoneos;
			};
			name = Debug;
		};
		9A34C63918FF297A00155D94 /* Release */ = {
			isa = XCBuildConfiguration;
			buildSettings = {
				ALWAYS_SEARCH_USER_PATHS = NO;
				CLANG_CXX_LANGUAGE_STANDARD = "gnu++0x";
				CLANG_CXX_LIBRARY = "libc++";
				CLANG_ENABLE_MODULES = YES;
				CLANG_ENABLE_OBJC_ARC = YES;
				CLANG_WARN_BOOL_CONVERSION = YES;
				CLANG_WARN_CONSTANT_CONVERSION = YES;
				CLANG_WARN_DIRECT_OBJC_ISA_USAGE = YES_ERROR;
				CLANG_WARN_EMPTY_BODY = YES;
				CLANG_WARN_ENUM_CONVERSION = YES;
				CLANG_WARN_INT_CONVERSION = YES;
				CLANG_WARN_OBJC_ROOT_CLASS = YES_ERROR;
				CLANG_WARN__DUPLICATE_METHOD_MATCH = YES;
				"CODE_SIGN_IDENTITY[sdk=iphoneos*]" = "iPhone Developer";
				COPY_PHASE_STRIP = YES;
				ENABLE_NS_ASSERTIONS = NO;
				GCC_C_LANGUAGE_STANDARD = gnu99;
				GCC_WARN_64_TO_32_BIT_CONVERSION = YES;
				GCC_WARN_ABOUT_RETURN_TYPE = YES_ERROR;
				GCC_WARN_UNDECLARED_SELECTOR = YES;
				GCC_WARN_UNINITIALIZED_AUTOS = YES_AGGRESSIVE;
				GCC_WARN_UNUSED_FUNCTION = YES;
				GCC_WARN_UNUSED_VARIABLE = YES;
				IPHONEOS_DEPLOYMENT_TARGET = 6.0;
				SDKROOT = iphoneos;
				VALIDATE_PRODUCT = YES;
			};
			name = Release;
		};
		9A34C63B18FF297A00155D94 /* Debug */ = {
			isa = XCBuildConfiguration;
			baseConfigurationReference = 345E2F5CF564413C8A02CEB5 /* Pods.xcconfig */;
			buildSettings = {
				ASSETCATALOG_COMPILER_APPICON_NAME = AppIcon;
				ASSETCATALOG_COMPILER_LAUNCHIMAGE_NAME = LaunchImage;
				GCC_PRECOMPILE_PREFIX_HEADER = YES;
				GCC_PREFIX_HEADER = "BLCStarRatingViewSample/BLCStarRatingView-Prefix.pch";
				HEADER_SEARCH_PATHS = (
					"$(inherited)",
					/Applications/Xcode.app/Contents/Developer/Toolchains/XcodeDefault.xctoolchain/usr/include,
					"$(SRCROOT)/BLCStarRatingViewSample",
				);
				INFOPLIST_FILE = "BLCStarRatingViewSample/BLCStarRatingView-Info.plist";
				IPHONEOS_DEPLOYMENT_TARGET = 7.0;
				PRODUCT_NAME = "$(TARGET_NAME)";
				WRAPPER_EXTENSION = app;
			};
			name = Debug;
		};
		9A34C63C18FF297A00155D94 /* Release */ = {
			isa = XCBuildConfiguration;
			baseConfigurationReference = 345E2F5CF564413C8A02CEB5 /* Pods.xcconfig */;
			buildSettings = {
				ASSETCATALOG_COMPILER_APPICON_NAME = AppIcon;
				ASSETCATALOG_COMPILER_LAUNCHIMAGE_NAME = LaunchImage;
				GCC_PRECOMPILE_PREFIX_HEADER = YES;
				GCC_PREFIX_HEADER = "BLCStarRatingViewSample/BLCStarRatingView-Prefix.pch";
				HEADER_SEARCH_PATHS = (
					"$(inherited)",
					/Applications/Xcode.app/Contents/Developer/Toolchains/XcodeDefault.xctoolchain/usr/include,
					"$(SRCROOT)/BLCStarRatingViewSample",
				);
				INFOPLIST_FILE = "BLCStarRatingViewSample/BLCStarRatingView-Info.plist";
				IPHONEOS_DEPLOYMENT_TARGET = 7.0;
				PRODUCT_NAME = "$(TARGET_NAME)";
				WRAPPER_EXTENSION = app;
			};
			name = Release;
		};
		9A34C63E18FF297A00155D94 /* Debug */ = {
			isa = XCBuildConfiguration;
			buildSettings = {
				BUNDLE_LOADER = "$(BUILT_PRODUCTS_DIR)/BLCStarRatingView.app/BLCStarRatingView";
				FRAMEWORK_SEARCH_PATHS = (
					"$(SDKROOT)/Developer/Library/Frameworks",
					"$(inherited)",
					"$(DEVELOPER_FRAMEWORKS_DIR)",
				);
				GCC_PRECOMPILE_PREFIX_HEADER = YES;
				GCC_PREFIX_HEADER = "BLCStarRatingViewSample/BLCStarRatingView-Prefix.pch";
				GCC_PREPROCESSOR_DEFINITIONS = (
					"DEBUG=1",
					"$(inherited)",
				);
				INFOPLIST_FILE = "BLCStarRatingViewTests/BLCStarRatingViewTests-Info.plist";
				PRODUCT_NAME = "$(TARGET_NAME)";
				TEST_HOST = "$(BUNDLE_LOADER)";
				WRAPPER_EXTENSION = xctest;
			};
			name = Debug;
		};
		9A34C63F18FF297A00155D94 /* Release */ = {
			isa = XCBuildConfiguration;
			buildSettings = {
				BUNDLE_LOADER = "$(BUILT_PRODUCTS_DIR)/BLCStarRatingView.app/BLCStarRatingView";
				FRAMEWORK_SEARCH_PATHS = (
					"$(SDKROOT)/Developer/Library/Frameworks",
					"$(inherited)",
					"$(DEVELOPER_FRAMEWORKS_DIR)",
				);
				GCC_PRECOMPILE_PREFIX_HEADER = YES;
				GCC_PREFIX_HEADER = "BLCStarRatingViewSample/BLCStarRatingView-Prefix.pch";
				INFOPLIST_FILE = "BLCStarRatingViewTests/BLCStarRatingViewTests-Info.plist";
				PRODUCT_NAME = "$(TARGET_NAME)";
				TEST_HOST = "$(BUNDLE_LOADER)";
				WRAPPER_EXTENSION = xctest;
			};
			name = Release;
		};
/* End XCBuildConfiguration section */

/* Begin XCConfigurationList section */
		9A34C60918FF297A00155D94 /* Build configuration list for PBXProject "BLCStarRatingView" */ = {
			isa = XCConfigurationList;
			buildConfigurations = (
				9A34C63818FF297A00155D94 /* Debug */,
				9A34C63918FF297A00155D94 /* Release */,
			);
			defaultConfigurationIsVisible = 0;
			defaultConfigurationName = Release;
		};
		9A34C63A18FF297A00155D94 /* Build configuration list for PBXNativeTarget "BLCStarRatingView" */ = {
			isa = XCConfigurationList;
			buildConfigurations = (
				9A34C63B18FF297A00155D94 /* Debug */,
				9A34C63C18FF297A00155D94 /* Release */,
			);
			defaultConfigurationIsVisible = 0;
			defaultConfigurationName = Release;
		};
		9A34C63D18FF297A00155D94 /* Build configuration list for PBXNativeTarget "BLCStarRatingViewTests" */ = {
			isa = XCConfigurationList;
			buildConfigurations = (
				9A34C63E18FF297A00155D94 /* Debug */,
				9A34C63F18FF297A00155D94 /* Release */,
			);
			defaultConfigurationIsVisible = 0;
			defaultConfigurationName = Release;
		};
/* End XCConfigurationList section */
	};
	rootObject = 9A34C60618FF297A00155D94 /* Project object */;
}
